
Microsoft Visual Studio Solution File, Format Version 12.00
# Visual Studio 14
VisualStudioVersion = 14.0.25123.0
MinimumVisualStudioVersion = 10.0.40219.1
Project("{FAE04EC0-301F-11D3-BF4B-00C04F79EFBC}") = "NJULoginTest", "NJULoginTest\NJULoginTest.csproj", "{A13DC7E5-98EA-4626-B87E-C653A47F3EE4}"
EndProject
Project("{FAE04EC0-301F-11D3-BF4B-00C04F79EFBC}") = "LoggingSystem", "LoggingSystem\LoggingSystem.csproj", "{C46B0542-E86F-4B06-8FAC-64937E1F7446}"
EndProject
Global
	GlobalSection(SolutionConfigurationPlatforms) = preSolution
		Debug|Any CPU = Debug|Any CPU
		Debug|ARM = Debug|ARM
		Debug|x64 = Debug|x64
		Debug|x86 = Debug|x86
		Release|Any CPU = Release|Any CPU
		Release|ARM = Release|ARM
		Release|x64 = Release|x64
		Release|x86 = Release|x86
	EndGlobalSection
	GlobalSection(ProjectConfigurationPlatforms) = postSolution
		{A13DC7E5-98EA-4626-B87E-C653A47F3EE4}.Debug|Any CPU.ActiveCfg = Debug|x86
		{A13DC7E5-98EA-4626-B87E-C653A47F3EE4}.Debug|ARM.ActiveCfg = Debug|ARM
		{A13DC7E5-98EA-4626-B87E-C653A47F3EE4}.Debug|ARM.Build.0 = Debug|ARM
		{A13DC7E5-98EA-4626-B87E-C653A47F3EE4}.Debug|ARM.Deploy.0 = Debug|ARM
		{A13DC7E5-98EA-4626-B87E-C653A47F3EE4}.Debug|x64.ActiveCfg = Debug|x64
		{A13DC7E5-98EA-4626-B87E-C653A47F3EE4}.Debug|x64.Build.0 = Debug|x64
		{A13DC7E5-98EA-4626-B87E-C653A47F3EE4}.Debug|x64.Deploy.0 = Debug|x64
		{A13DC7E5-98EA-4626-B87E-C653A47F3EE4}.Debug|x86.ActiveCfg = Debug|x86
		{A13DC7E5-98EA-4626-B87E-C653A47F3EE4}.Debug|x86.Build.0 = Debug|x86
		{A13DC7E5-98EA-4626-B87E-C653A47F3EE4}.Debug|x86.Deploy.0 = Debug|x86
		{A13DC7E5-98EA-4626-B87E-C653A47F3EE4}.Release|Any CPU.ActiveCfg = Release|x86
		{A13DC7E5-98EA-4626-B87E-C653A47F3EE4}.Release|ARM.ActiveCfg = Release|ARM
		{A13DC7E5-98EA-4626-B87E-C653A47F3EE4}.Release|ARM.Build.0 = Release|ARM
		{A13DC7E5-98EA-4626-B87E-C653A47F3EE4}.Release|ARM.Deploy.0 = Release|ARM
		{A13DC7E5-98EA-4626-B87E-C653A47F3EE4}.Release|x64.ActiveCfg = Release|x64
		{A13DC7E5-98EA-4626-B87E-C653A47F3EE4}.Release|x64.Build.0 = Release|x64
		{A13DC7E5-98EA-4626-B87E-C653A47F3EE4}.Release|x64.Deploy.0 = Release|x64
		{A13DC7E5-98EA-4626-B87E-C653A47F3EE4}.Release|x86.ActiveCfg = Release|x86
		{A13DC7E5-98EA-4626-B87E-C653A47F3EE4}.Release|x86.Build.0 = Release|x86
		{A13DC7E5-98EA-4626-B87E-C653A47F3EE4}.Release|x86.Deploy.0 = Release|x86
		{C46B0542-E86F-4B06-8FAC-64937E1F7446}.Debug|Any CPU.ActiveCfg = Debug|Any CPU
		{C46B0542-E86F-4B06-8FAC-64937E1F7446}.Debug|Any CPU.Build.0 = Debug|Any CPU
		{C46B0542-E86F-4B06-8FAC-64937E1F7446}.Debug|ARM.ActiveCfg = Debug|ARM
		{C46B0542-E86F-4B06-8FAC-64937E1F7446}.Debug|ARM.Build.0 = Debug|ARM
		{C46B0542-E86F-4B06-8FAC-64937E1F7446}.Debug|x64.ActiveCfg = Debug|x64
		{C46B0542-E86F-4B06-8FAC-64937E1F7446}.Debug|x64.Build.0 = Debug|x64
		{C46B0542-E86F-4B06-8FAC-64937E1F7446}.Debug|x86.ActiveCfg = Debug|x86
		{C46B0542-E86F-4B06-8FAC-64937E1F7446}.Debug|x86.Build.0 = Debug|x86
		{C46B0542-E86F-4B06-8FAC-64937E1F7446}.Release|Any CPU.ActiveCfg = Release|Any CPU
		{C46B0542-E86F-4B06-8FAC-64937E1F7446}.Release|Any CPU.Build.0 = Release|Any CPU
		{C46B0542-E86F-4B06-8FAC-64937E1F7446}.Release|ARM.ActiveCfg = Release|ARM
		{C46B0542-E86F-4B06-8FAC-64937E1F7446}.Release|ARM.Build.0 = Release|ARM
		{C46B0542-E86F-4B06-8FAC-64937E1F7446}.Release|x64.ActiveCfg = Release|x64
		{C46B0542-E86F-4B06-8FAC-64937E1F7446}.Release|x64.Build.0 = Release|x64
		{C46B0542-E86F-4B06-8FAC-64937E1F7446}.Release|x86.ActiveCfg = Release|x86
		{C46B0542-E86F-4B06-8FAC-64937E1F7446}.Release|x86.Build.0 = Release|x86
	EndGlobalSection
	GlobalSection(SolutionProperties) = preSolution
		HideSolutionNode = FALSE
	EndGlobalSection
EndGlobal
