
Microsoft Visual Studio Solution File, Format Version 12.00
# Visual Studio 14
VisualStudioVersion = 14.0.25123.0
MinimumVisualStudioVersion = 10.0.40219.1
Project("{FAE04EC0-301F-11D3-BF4B-00C04F79EFBC}") = "NJULoginTest", "NJULoginTest\NJULoginTest.csproj", "{A13DC7E5-98EA-4626-B87E-C653A47F3EE4}"
EndProject
Project("{FAE04EC0-301F-11D3-BF4B-00C04F79EFBC}") = "Toasts", "Toasts\Toasts.csproj", "{13BB9BC6-B2D0-4265-B99C-2069855C67FF}"
EndProject
Project("{FAE04EC0-301F-11D3-BF4B-00C04F79EFBC}") = "TileRefresh", "TileRefresh\TileRefresh.csproj", "{44287834-C65E-4B6D-ADCC-7B8069AF949B}"
EndProject
Project("{FAE04EC0-301F-11D3-BF4B-00C04F79EFBC}") = "LoggingSystem", "LoggingSystem\LoggingSystem.csproj", "{B51AFB2C-9C6B-432D-A4AA-1F00AD0C8156}"
EndProject
Global
	GlobalSection(SolutionConfigurationPlatforms) = preSolution
		Debug|Any CPU = Debug|Any CPU
		Debug|ARM = Debug|ARM
		Debug|x64 = Debug|x64
		Debug|x86 = Debug|x86
		Release|Any CPU = Release|Any CPU
		Release|ARM = Release|ARM
		Release|x64 = Release|x64
		Release|x86 = Release|x86
	EndGlobalSection
	GlobalSection(ProjectConfigurationPlatforms) = postSolution
		{A13DC7E5-98EA-4626-B87E-C653A47F3EE4}.Debug|Any CPU.ActiveCfg = Debug|x86
		{A13DC7E5-98EA-4626-B87E-C653A47F3EE4}.Debug|ARM.ActiveCfg = Debug|ARM
		{A13DC7E5-98EA-4626-B87E-C653A47F3EE4}.Debug|ARM.Build.0 = Debug|ARM
		{A13DC7E5-98EA-4626-B87E-C653A47F3EE4}.Debug|ARM.Deploy.0 = Debug|ARM
		{A13DC7E5-98EA-4626-B87E-C653A47F3EE4}.Debug|x64.ActiveCfg = Debug|x64
		{A13DC7E5-98EA-4626-B87E-C653A47F3EE4}.Debug|x64.Build.0 = Debug|x64
		{A13DC7E5-98EA-4626-B87E-C653A47F3EE4}.Debug|x64.Deploy.0 = Debug|x64
		{A13DC7E5-98EA-4626-B87E-C653A47F3EE4}.Debug|x86.ActiveCfg = Debug|x86
		{A13DC7E5-98EA-4626-B87E-C653A47F3EE4}.Debug|x86.Build.0 = Debug|x86
		{A13DC7E5-98EA-4626-B87E-C653A47F3EE4}.Debug|x86.Deploy.0 = Debug|x86
		{A13DC7E5-98EA-4626-B87E-C653A47F3EE4}.Release|Any CPU.ActiveCfg = Release|x86
		{A13DC7E5-98EA-4626-B87E-C653A47F3EE4}.Release|ARM.ActiveCfg = Release|ARM
		{A13DC7E5-98EA-4626-B87E-C653A47F3EE4}.Release|ARM.Build.0 = Release|ARM
		{A13DC7E5-98EA-4626-B87E-C653A47F3EE4}.Release|ARM.Deploy.0 = Release|ARM
		{A13DC7E5-98EA-4626-B87E-C653A47F3EE4}.Release|x64.ActiveCfg = Release|x64
		{A13DC7E5-98EA-4626-B87E-C653A47F3EE4}.Release|x64.Build.0 = Release|x64
		{A13DC7E5-98EA-4626-B87E-C653A47F3EE4}.Release|x64.Deploy.0 = Release|x64
		{A13DC7E5-98EA-4626-B87E-C653A47F3EE4}.Release|x86.ActiveCfg = Release|x86
		{A13DC7E5-98EA-4626-B87E-C653A47F3EE4}.Release|x86.Build.0 = Release|x86
		{A13DC7E5-98EA-4626-B87E-C653A47F3EE4}.Release|x86.Deploy.0 = Release|x86
		{13BB9BC6-B2D0-4265-B99C-2069855C67FF}.Debug|Any CPU.ActiveCfg = Debug|Any CPU
		{13BB9BC6-B2D0-4265-B99C-2069855C67FF}.Debug|Any CPU.Build.0 = Debug|Any CPU
		{13BB9BC6-B2D0-4265-B99C-2069855C67FF}.Debug|ARM.ActiveCfg = Debug|ARM
		{13BB9BC6-B2D0-4265-B99C-2069855C67FF}.Debug|ARM.Build.0 = Debug|ARM
		{13BB9BC6-B2D0-4265-B99C-2069855C67FF}.Debug|x64.ActiveCfg = Debug|x64
		{13BB9BC6-B2D0-4265-B99C-2069855C67FF}.Debug|x64.Build.0 = Debug|x64
		{13BB9BC6-B2D0-4265-B99C-2069855C67FF}.Debug|x86.ActiveCfg = Debug|x86
		{13BB9BC6-B2D0-4265-B99C-2069855C67FF}.Debug|x86.Build.0 = Debug|x86
		{13BB9BC6-B2D0-4265-B99C-2069855C67FF}.Release|Any CPU.ActiveCfg = Release|Any CPU
		{13BB9BC6-B2D0-4265-B99C-2069855C67FF}.Release|Any CPU.Build.0 = Release|Any CPU
		{13BB9BC6-B2D0-4265-B99C-2069855C67FF}.Release|ARM.ActiveCfg = Release|ARM
		{13BB9BC6-B2D0-4265-B99C-2069855C67FF}.Release|ARM.Build.0 = Release|ARM
		{13BB9BC6-B2D0-4265-B99C-2069855C67FF}.Release|x64.ActiveCfg = Release|x64
		{13BB9BC6-B2D0-4265-B99C-2069855C67FF}.Release|x64.Build.0 = Release|x64
		{13BB9BC6-B2D0-4265-B99C-2069855C67FF}.Release|x86.ActiveCfg = Release|x86
		{13BB9BC6-B2D0-4265-B99C-2069855C67FF}.Release|x86.Build.0 = Release|x86
		{44287834-C65E-4B6D-ADCC-7B8069AF949B}.Debug|Any CPU.ActiveCfg = Debug|Any CPU
		{44287834-C65E-4B6D-ADCC-7B8069AF949B}.Debug|Any CPU.Build.0 = Debug|Any CPU
		{44287834-C65E-4B6D-ADCC-7B8069AF949B}.Debug|ARM.ActiveCfg = Debug|ARM
		{44287834-C65E-4B6D-ADCC-7B8069AF949B}.Debug|ARM.Build.0 = Debug|ARM
		{44287834-C65E-4B6D-ADCC-7B8069AF949B}.Debug|x64.ActiveCfg = Debug|x64
		{44287834-C65E-4B6D-ADCC-7B8069AF949B}.Debug|x64.Build.0 = Debug|x64
		{44287834-C65E-4B6D-ADCC-7B8069AF949B}.Debug|x86.ActiveCfg = Debug|x86
		{44287834-C65E-4B6D-ADCC-7B8069AF949B}.Debug|x86.Build.0 = Debug|x86
		{44287834-C65E-4B6D-ADCC-7B8069AF949B}.Release|Any CPU.ActiveCfg = Release|Any CPU
		{44287834-C65E-4B6D-ADCC-7B8069AF949B}.Release|Any CPU.Build.0 = Release|Any CPU
		{44287834-C65E-4B6D-ADCC-7B8069AF949B}.Release|ARM.ActiveCfg = Release|ARM
		{44287834-C65E-4B6D-ADCC-7B8069AF949B}.Release|ARM.Build.0 = Release|ARM
		{44287834-C65E-4B6D-ADCC-7B8069AF949B}.Release|x64.ActiveCfg = Release|x64
		{44287834-C65E-4B6D-ADCC-7B8069AF949B}.Release|x64.Build.0 = Release|x64
		{44287834-C65E-4B6D-ADCC-7B8069AF949B}.Release|x86.ActiveCfg = Release|x86
		{44287834-C65E-4B6D-ADCC-7B8069AF949B}.Release|x86.Build.0 = Release|x86
		{B51AFB2C-9C6B-432D-A4AA-1F00AD0C8156}.Debug|Any CPU.ActiveCfg = Debug|Any CPU
		{B51AFB2C-9C6B-432D-A4AA-1F00AD0C8156}.Debug|Any CPU.Build.0 = Debug|Any CPU
		{B51AFB2C-9C6B-432D-A4AA-1F00AD0C8156}.Debug|ARM.ActiveCfg = Debug|ARM
		{B51AFB2C-9C6B-432D-A4AA-1F00AD0C8156}.Debug|ARM.Build.0 = Debug|ARM
		{B51AFB2C-9C6B-432D-A4AA-1F00AD0C8156}.Debug|x64.ActiveCfg = Debug|x64
		{B51AFB2C-9C6B-432D-A4AA-1F00AD0C8156}.Debug|x64.Build.0 = Debug|x64
		{B51AFB2C-9C6B-432D-A4AA-1F00AD0C8156}.Debug|x86.ActiveCfg = Debug|x86
		{B51AFB2C-9C6B-432D-A4AA-1F00AD0C8156}.Debug|x86.Build.0 = Debug|x86
		{B51AFB2C-9C6B-432D-A4AA-1F00AD0C8156}.Release|Any CPU.ActiveCfg = Release|Any CPU
		{B51AFB2C-9C6B-432D-A4AA-1F00AD0C8156}.Release|Any CPU.Build.0 = Release|Any CPU
		{B51AFB2C-9C6B-432D-A4AA-1F00AD0C8156}.Release|ARM.ActiveCfg = Release|ARM
		{B51AFB2C-9C6B-432D-A4AA-1F00AD0C8156}.Release|ARM.Build.0 = Release|ARM
		{B51AFB2C-9C6B-432D-A4AA-1F00AD0C8156}.Release|x64.ActiveCfg = Release|x64
		{B51AFB2C-9C6B-432D-A4AA-1F00AD0C8156}.Release|x64.Build.0 = Release|x64
		{B51AFB2C-9C6B-432D-A4AA-1F00AD0C8156}.Release|x86.ActiveCfg = Release|x86
		{B51AFB2C-9C6B-432D-A4AA-1F00AD0C8156}.Release|x86.Build.0 = Release|x86
	EndGlobalSection
	GlobalSection(SolutionProperties) = preSolution
		HideSolutionNode = FALSE
	EndGlobalSection
EndGlobal
